
Microsoft Visual Studio Solution File, Format Version 12.00
# Visual Studio 2013
VisualStudioVersion = 12.0.30110.0
MinimumVisualStudioVersion = 10.0.40219.1
Project("{FAE04EC0-301F-11D3-BF4B-00C04F79EFBC}") = "DatabaseFirstDemo", "DatabaseFirstDemo\DatabaseFirstDemo.csproj", "{67661174-455C-4755-8292-C260DBD3C7DD}"
EndProject
Project("{FAE04EC0-301F-11D3-BF4B-00C04F79EFBC}") = "LinqDemo", "LinqDemo\LinqDemo.csproj", "{AB773192-5F18-476E-AD6F-1AB1FFA12E21}"
EndProject
Project("{FAE04EC0-301F-11D3-BF4B-00C04F79EFBC}") = "DatabaseFirstDemo.Tests", "DatabaseFirstDemo.Tests\DatabaseFirstDemo.Tests.csproj", "{1FF25837-9315-4770-8BB3-2D1E511B037F}"
EndProject
Project("{FAE04EC0-301F-11D3-BF4B-00C04F79EFBC}") = "CodeFirstDemo", "CodeFirstDemo\CodeFirstDemo.csproj", "{F87312C9-23BE-4E9D-97DA-BD0F3979C3A1}"
EndProject
Project("{FAE04EC0-301F-11D3-BF4B-00C04F79EFBC}") = "WindowsFormsApplication1", "WindowsFormsApplication1\WindowsFormsApplication1.csproj", "{6DB64A83-4B1A-44BF-8D6A-4B69DD015301}"
EndProject
Project("{FAE04EC0-301F-11D3-BF4B-00C04F79EFBC}") = "LinqToXmlDemo", "LinqToXmlDemo\LinqToXmlDemo.csproj", "{336D3826-917B-4849-B3E5-D29348DEE067}"
EndProject
Project("{FAE04EC0-301F-11D3-BF4B-00C04F79EFBC}") = "WebApiDemo", "WebApiDemo\WebApiDemo.csproj", "{CFF2F160-C9BC-4023-8606-3F698D90B334}"
EndProject
Project("{FAE04EC0-301F-11D3-BF4B-00C04F79EFBC}") = "CodeFirstDemo.Fluent.Model", "CodeFirstDemo.Fluent.Model\CodeFirstDemo.Fluent.Model.csproj", "{5C0F35EC-4450-46D0-83A3-D2A32C356811}"
EndProject
Project("{FAE04EC0-301F-11D3-BF4B-00C04F79EFBC}") = "CodeFirstDemo.Fluent.DAL", "CodeFirstDemo.Fluent.DAL\CodeFirstDemo.Fluent.DAL.csproj", "{4A2B90C5-A996-48AD-90A3-75764AF27C35}"
EndProject
Project("{FAE04EC0-301F-11D3-BF4B-00C04F79EFBC}") = "CodeFirstDemo.Fluent.DAL.Tests", "CodeFirstDemo.Fluent.DAL.Tests\CodeFirstDemo.Fluent.DAL.Tests.csproj", "{7C392EFC-F4F5-4C11-B307-4C93040B0CBB}"
EndProject
Global
	GlobalSection(SolutionConfigurationPlatforms) = preSolution
		Debug|Any CPU = Debug|Any CPU
		Release|Any CPU = Release|Any CPU
	EndGlobalSection
	GlobalSection(ProjectConfigurationPlatforms) = postSolution
		{67661174-455C-4755-8292-C260DBD3C7DD}.Debug|Any CPU.ActiveCfg = Debug|Any CPU
		{67661174-455C-4755-8292-C260DBD3C7DD}.Debug|Any CPU.Build.0 = Debug|Any CPU
		{67661174-455C-4755-8292-C260DBD3C7DD}.Release|Any CPU.ActiveCfg = Release|Any CPU
		{67661174-455C-4755-8292-C260DBD3C7DD}.Release|Any CPU.Build.0 = Release|Any CPU
		{AB773192-5F18-476E-AD6F-1AB1FFA12E21}.Debug|Any CPU.ActiveCfg = Debug|Any CPU
		{AB773192-5F18-476E-AD6F-1AB1FFA12E21}.Debug|Any CPU.Build.0 = Debug|Any CPU
		{AB773192-5F18-476E-AD6F-1AB1FFA12E21}.Release|Any CPU.ActiveCfg = Release|Any CPU
		{AB773192-5F18-476E-AD6F-1AB1FFA12E21}.Release|Any CPU.Build.0 = Release|Any CPU
		{1FF25837-9315-4770-8BB3-2D1E511B037F}.Debug|Any CPU.ActiveCfg = Debug|Any CPU
		{1FF25837-9315-4770-8BB3-2D1E511B037F}.Debug|Any CPU.Build.0 = Debug|Any CPU
		{1FF25837-9315-4770-8BB3-2D1E511B037F}.Release|Any CPU.ActiveCfg = Release|Any CPU
		{1FF25837-9315-4770-8BB3-2D1E511B037F}.Release|Any CPU.Build.0 = Release|Any CPU
		{F87312C9-23BE-4E9D-97DA-BD0F3979C3A1}.Debug|Any CPU.ActiveCfg = Debug|Any CPU
		{F87312C9-23BE-4E9D-97DA-BD0F3979C3A1}.Debug|Any CPU.Build.0 = Debug|Any CPU
		{F87312C9-23BE-4E9D-97DA-BD0F3979C3A1}.Release|Any CPU.ActiveCfg = Release|Any CPU
		{F87312C9-23BE-4E9D-97DA-BD0F3979C3A1}.Release|Any CPU.Build.0 = Release|Any CPU
		{6DB64A83-4B1A-44BF-8D6A-4B69DD015301}.Debug|Any CPU.ActiveCfg = Debug|Any CPU
		{6DB64A83-4B1A-44BF-8D6A-4B69DD015301}.Debug|Any CPU.Build.0 = Debug|Any CPU
		{6DB64A83-4B1A-44BF-8D6A-4B69DD015301}.Release|Any CPU.ActiveCfg = Release|Any CPU
		{6DB64A83-4B1A-44BF-8D6A-4B69DD015301}.Release|Any CPU.Build.0 = Release|Any CPU
		{336D3826-917B-4849-B3E5-D29348DEE067}.Debug|Any CPU.ActiveCfg = Debug|Any CPU
		{336D3826-917B-4849-B3E5-D29348DEE067}.Debug|Any CPU.Build.0 = Debug|Any CPU
		{336D3826-917B-4849-B3E5-D29348DEE067}.Release|Any CPU.ActiveCfg = Release|Any CPU
		{336D3826-917B-4849-B3E5-D29348DEE067}.Release|Any CPU.Build.0 = Release|Any CPU
		{CFF2F160-C9BC-4023-8606-3F698D90B334}.Debug|Any CPU.ActiveCfg = Debug|Any CPU
		{CFF2F160-C9BC-4023-8606-3F698D90B334}.Debug|Any CPU.Build.0 = Debug|Any CPU
		{CFF2F160-C9BC-4023-8606-3F698D90B334}.Release|Any CPU.ActiveCfg = Release|Any CPU
		{CFF2F160-C9BC-4023-8606-3F698D90B334}.Release|Any CPU.Build.0 = Release|Any CPU
		{5C0F35EC-4450-46D0-83A3-D2A32C356811}.Debug|Any CPU.ActiveCfg = Debug|Any CPU
		{5C0F35EC-4450-46D0-83A3-D2A32C356811}.Debug|Any CPU.Build.0 = Debug|Any CPU
		{5C0F35EC-4450-46D0-83A3-D2A32C356811}.Release|Any CPU.ActiveCfg = Release|Any CPU
		{5C0F35EC-4450-46D0-83A3-D2A32C356811}.Release|Any CPU.Build.0 = Release|Any CPU
		{4A2B90C5-A996-48AD-90A3-75764AF27C35}.Debug|Any CPU.ActiveCfg = Debug|Any CPU
		{4A2B90C5-A996-48AD-90A3-75764AF27C35}.Debug|Any CPU.Build.0 = Debug|Any CPU
		{4A2B90C5-A996-48AD-90A3-75764AF27C35}.Release|Any CPU.ActiveCfg = Release|Any CPU
		{4A2B90C5-A996-48AD-90A3-75764AF27C35}.Release|Any CPU.Build.0 = Release|Any CPU
		{7C392EFC-F4F5-4C11-B307-4C93040B0CBB}.Debug|Any CPU.ActiveCfg = Debug|Any CPU
		{7C392EFC-F4F5-4C11-B307-4C93040B0CBB}.Debug|Any CPU.Build.0 = Debug|Any CPU
		{7C392EFC-F4F5-4C11-B307-4C93040B0CBB}.Release|Any CPU.ActiveCfg = Release|Any CPU
		{7C392EFC-F4F5-4C11-B307-4C93040B0CBB}.Release|Any CPU.Build.0 = Release|Any CPU
	EndGlobalSection
	GlobalSection(SolutionProperties) = preSolution
		HideSolutionNode = FALSE
	EndGlobalSection
EndGlobal
